
Microsoft Visual Studio Solution File, Format Version 12.00
# Visual Studio 15
VisualStudioVersion = 15.0.28307.1022
MinimumVisualStudioVersion = 10.0.40219.1
Project("{FAE04EC0-301F-11D3-BF4B-00C04F79EFBC}") = "WiniUm", "WiniUm\WiniUm.csproj", "{FACC7F77-CB14-4C62-A094-1DA83F9DBEFE}"
EndProject
Global
	GlobalSection(SolutionConfigurationPlatforms) = preSolution
		Debug|Any CPU = Debug|Any CPU
		Release|Any CPU = Release|Any CPU
	EndGlobalSection
	GlobalSection(ProjectConfigurationPlatforms) = postSolution
		{FACC7F77-CB14-4C62-A094-1DA83F9DBEFE}.Debug|Any CPU.ActiveCfg = Debug|Any CPU
		{FACC7F77-CB14-4C62-A094-1DA83F9DBEFE}.Debug|Any CPU.Build.0 = Debug|Any CPU
		{FACC7F77-CB14-4C62-A094-1DA83F9DBEFE}.Release|Any CPU.ActiveCfg = Release|Any CPU
		{FACC7F77-CB14-4C62-A094-1DA83F9DBEFE}.Release|Any CPU.Build.0 = Release|Any CPU
	EndGlobalSection
	GlobalSection(SolutionProperties) = preSolution
		HideSolutionNode = FALSE
	EndGlobalSection
	GlobalSection(ExtensibilityGlobals) = postSolution
		SolutionGuid = {4610FAFA-585D-4C2F-9607-2C2B6B662F0F}
	EndGlobalSection
EndGlobal
